
Microsoft Visual Studio Solution File, Format Version 12.00
Project("{2150E333-8FDC-42A3-9474-1A3956D46DE8}") = "src", "src", "{4A6F4B4F-5CA1-4E81-83BA-133909BF2E16}"
EndProject
Project("{2150E333-8FDC-42A3-9474-1A3956D46DE8}") = "Core", "Core", "{E8749FD1-30F7-43EA-9B95-EFFAAB86BFC8}"
EndProject
Project("{2150E333-8FDC-42A3-9474-1A3956D46DE8}") = "External", "External", "{73ED0282-308C-459E-8CC3-2D12E3725BBD}"
EndProject
Project("{FAE04EC0-301F-11D3-BF4B-00C04F79EFBC}") = "Domain", "Domain\Domain.csproj", "{F9A1BD97-A98D-42FD-8697-92AF204C96AA}"
EndProject
Project("{FAE04EC0-301F-11D3-BF4B-00C04F79EFBC}") = "Application", "Application\Application.csproj", "{C58F8612-6F76-4381-AEED-A9937A951087}"
EndProject
Project("{FAE04EC0-301F-11D3-BF4B-00C04F79EFBC}") = "Infrastructure", "Infrastructure\Infrastructure.csproj", "{6215A6AC-66F3-4B18-AAF6-75083A8130C4}"
EndProject
Project("{FAE04EC0-301F-11D3-BF4B-00C04F79EFBC}") = "Presentation", "Presentation\Presentation.csproj", "{73391318-C010-414F-81AE-9A3861C3BEC7}"
EndProject
Project("{FAE04EC0-301F-11D3-BF4B-00C04F79EFBC}") = "WebApi", "WebApi\WebApi.csproj", "{D94587BB-0B57-435A-8635-6C89A177C4C1}"
EndProject
Project("{FAE04EC0-301F-11D3-BF4B-00C04F79EFBC}") = "Domain.UnitTests", "Domain.UnitTests\Domain.UnitTests.csproj", "{654A13F2-989B-44C1-8708-DFE8A2313564}"
EndProject
Project("{2150E333-8FDC-42A3-9474-1A3956D46DE8}") = "tests", "tests", "{7DC0F5B2-5637-4E40-80FC-5EE193F35EED}"
EndProject
Project("{FAE04EC0-301F-11D3-BF4B-00C04F79EFBC}") = "Application.UnitTests", "Application.UnitTests\Application.UnitTests.csproj", "{129D72D3-787E-4609-B538-9283482CFE7F}"
EndProject
Global
	GlobalSection(SolutionConfigurationPlatforms) = preSolution
		Debug|Any CPU = Debug|Any CPU
		Release|Any CPU = Release|Any CPU
	EndGlobalSection
	GlobalSection(NestedProjects) = preSolution
		{E8749FD1-30F7-43EA-9B95-EFFAAB86BFC8} = {4A6F4B4F-5CA1-4E81-83BA-133909BF2E16}
		{73ED0282-308C-459E-8CC3-2D12E3725BBD} = {4A6F4B4F-5CA1-4E81-83BA-133909BF2E16}
		{F9A1BD97-A98D-42FD-8697-92AF204C96AA} = {E8749FD1-30F7-43EA-9B95-EFFAAB86BFC8}
		{C58F8612-6F76-4381-AEED-A9937A951087} = {E8749FD1-30F7-43EA-9B95-EFFAAB86BFC8}
		{6215A6AC-66F3-4B18-AAF6-75083A8130C4} = {73ED0282-308C-459E-8CC3-2D12E3725BBD}
		{73391318-C010-414F-81AE-9A3861C3BEC7} = {73ED0282-308C-459E-8CC3-2D12E3725BBD}
		{D94587BB-0B57-435A-8635-6C89A177C4C1} = {4A6F4B4F-5CA1-4E81-83BA-133909BF2E16}
		{654A13F2-989B-44C1-8708-DFE8A2313564} = {7DC0F5B2-5637-4E40-80FC-5EE193F35EED}
		{129D72D3-787E-4609-B538-9283482CFE7F} = {7DC0F5B2-5637-4E40-80FC-5EE193F35EED}
	EndGlobalSection
	GlobalSection(ProjectConfigurationPlatforms) = postSolution
		{F9A1BD97-A98D-42FD-8697-92AF204C96AA}.Debug|Any CPU.ActiveCfg = Debug|Any CPU
		{F9A1BD97-A98D-42FD-8697-92AF204C96AA}.Debug|Any CPU.Build.0 = Debug|Any CPU
		{F9A1BD97-A98D-42FD-8697-92AF204C96AA}.Release|Any CPU.ActiveCfg = Release|Any CPU
		{F9A1BD97-A98D-42FD-8697-92AF204C96AA}.Release|Any CPU.Build.0 = Release|Any CPU
		{C58F8612-6F76-4381-AEED-A9937A951087}.Debug|Any CPU.ActiveCfg = Debug|Any CPU
		{C58F8612-6F76-4381-AEED-A9937A951087}.Debug|Any CPU.Build.0 = Debug|Any CPU
		{C58F8612-6F76-4381-AEED-A9937A951087}.Release|Any CPU.ActiveCfg = Release|Any CPU
		{C58F8612-6F76-4381-AEED-A9937A951087}.Release|Any CPU.Build.0 = Release|Any CPU
		{6215A6AC-66F3-4B18-AAF6-75083A8130C4}.Debug|Any CPU.ActiveCfg = Debug|Any CPU
		{6215A6AC-66F3-4B18-AAF6-75083A8130C4}.Debug|Any CPU.Build.0 = Debug|Any CPU
		{6215A6AC-66F3-4B18-AAF6-75083A8130C4}.Release|Any CPU.ActiveCfg = Release|Any CPU
		{6215A6AC-66F3-4B18-AAF6-75083A8130C4}.Release|Any CPU.Build.0 = Release|Any CPU
		{73391318-C010-414F-81AE-9A3861C3BEC7}.Debug|Any CPU.ActiveCfg = Debug|Any CPU
		{73391318-C010-414F-81AE-9A3861C3BEC7}.Debug|Any CPU.Build.0 = Debug|Any CPU
		{73391318-C010-414F-81AE-9A3861C3BEC7}.Release|Any CPU.ActiveCfg = Release|Any CPU
		{73391318-C010-414F-81AE-9A3861C3BEC7}.Release|Any CPU.Build.0 = Release|Any CPU
		{D94587BB-0B57-435A-8635-6C89A177C4C1}.Debug|Any CPU.ActiveCfg = Debug|Any CPU
		{D94587BB-0B57-435A-8635-6C89A177C4C1}.Debug|Any CPU.Build.0 = Debug|Any CPU
		{D94587BB-0B57-435A-8635-6C89A177C4C1}.Release|Any CPU.ActiveCfg = Release|Any CPU
		{D94587BB-0B57-435A-8635-6C89A177C4C1}.Release|Any CPU.Build.0 = Release|Any CPU
		{654A13F2-989B-44C1-8708-DFE8A2313564}.Debug|Any CPU.ActiveCfg = Debug|Any CPU
		{654A13F2-989B-44C1-8708-DFE8A2313564}.Debug|Any CPU.Build.0 = Debug|Any CPU
		{654A13F2-989B-44C1-8708-DFE8A2313564}.Release|Any CPU.ActiveCfg = Release|Any CPU
		{654A13F2-989B-44C1-8708-DFE8A2313564}.Release|Any CPU.Build.0 = Release|Any CPU
		{129D72D3-787E-4609-B538-9283482CFE7F}.Debug|Any CPU.ActiveCfg = Debug|Any CPU
		{129D72D3-787E-4609-B538-9283482CFE7F}.Debug|Any CPU.Build.0 = Debug|Any CPU
		{129D72D3-787E-4609-B538-9283482CFE7F}.Release|Any CPU.ActiveCfg = Release|Any CPU
		{129D72D3-787E-4609-B538-9283482CFE7F}.Release|Any CPU.Build.0 = Release|Any CPU
	EndGlobalSection
EndGlobal
